// !$*UTF8*$!
{
	archiveVersion = 1;
	classes = {
	};
	objectVersion = 56;
	objects = {

/* Begin PBXBuildFile section */
		EC99B62529C3AA1900F3D923 /* Pie.swift in Sources */ = {isa = PBXBuildFile; fileRef = EC99B62429C3AA1900F3D923 /* Pie.swift */; };
		ECCE13B329D2156E005E941A /* Cardify.swift in Sources */ = {isa = PBXBuildFile; fileRef = ECCE13B229D2156E005E941A /* Cardify.swift */; };
		ECCE146729E28D57005E941A /* ThemeStore.swift in Sources */ = {isa = PBXBuildFile; fileRef = ECCE146629E28D57005E941A /* ThemeStore.swift */; };
		ECCE14A529E48746005E941A /* EmojiMemoryGameView.swift in Sources */ = {isa = PBXBuildFile; fileRef = ECCE14A429E48746005E941A /* EmojiMemoryGameView.swift */; };
		ECCE14A729E4876D005E941A /* ThemeChooser.swift in Sources */ = {isa = PBXBuildFile; fileRef = ECCE14A629E4876D005E941A /* ThemeChooser.swift */; };
		ECCE14A929E4B796005E941A /* ThemeEditor.swift in Sources */ = {isa = PBXBuildFile; fileRef = ECCE14A829E4B796005E941A /* ThemeEditor.swift */; };
		ECCE14AB29E4B8A7005E941A /* UtilityExtensions.swift in Sources */ = {isa = PBXBuildFile; fileRef = ECCE14AA29E4B8A7005E941A /* UtilityExtensions.swift */; };
		ECDED92129C28046007AF59D /* MemorizeApp.swift in Sources */ = {isa = PBXBuildFile; fileRef = ECDED92029C28046007AF59D /* MemorizeApp.swift */; };
		ECDED92329C28046007AF59D /* ContentView.swift in Sources */ = {isa = PBXBuildFile; fileRef = ECDED92229C28046007AF59D /* ContentView.swift */; };
		ECDED92529C28047007AF59D /* Assets.xcassets in Resources */ = {isa = PBXBuildFile; fileRef = ECDED92429C28047007AF59D /* Assets.xcassets */; };
		ECDED92829C28047007AF59D /* Preview Assets.xcassets in Resources */ = {isa = PBXBuildFile; fileRef = ECDED92729C28047007AF59D /* Preview Assets.xcassets */; };
		ECDED92F29C280A8007AF59D /* MemoryGame.swift in Sources */ = {isa = PBXBuildFile; fileRef = ECDED92E29C280A8007AF59D /* MemoryGame.swift */; };
		ECDED93329C280B8007AF59D /* EmojiMemoryGame.swift in Sources */ = {isa = PBXBuildFile; fileRef = ECDED93229C280B8007AF59D /* EmojiMemoryGame.swift */; };
		ECDED93529C39A8A007AF59D /* AspectVGrid.swift in Sources */ = {isa = PBXBuildFile; fileRef = ECDED93429C39A8A007AF59D /* AspectVGrid.swift */; };
/* End PBXBuildFile section */

/* Begin PBXFileReference section */
		EC99B62429C3AA1900F3D923 /* Pie.swift */ = {isa = PBXFileReference; lastKnownFileType = sourcecode.swift; path = Pie.swift; sourceTree = "<group>"; };
		ECCE13B229D2156E005E941A /* Cardify.swift */ = {isa = PBXFileReference; lastKnownFileType = sourcecode.swift; path = Cardify.swift; sourceTree = "<group>"; };
		ECCE146629E28D57005E941A /* ThemeStore.swift */ = {isa = PBXFileReference; lastKnownFileType = sourcecode.swift; path = ThemeStore.swift; sourceTree = "<group>"; };
		ECCE14A429E48746005E941A /* EmojiMemoryGameView.swift */ = {isa = PBXFileReference; lastKnownFileType = sourcecode.swift; path = EmojiMemoryGameView.swift; sourceTree = "<group>"; };
		ECCE14A629E4876D005E941A /* ThemeChooser.swift */ = {isa = PBXFileReference; lastKnownFileType = sourcecode.swift; path = ThemeChooser.swift; sourceTree = "<group>"; };
		ECCE14A829E4B796005E941A /* ThemeEditor.swift */ = {isa = PBXFileReference; lastKnownFileType = sourcecode.swift; path = ThemeEditor.swift; sourceTree = "<group>"; };
		ECCE14AA29E4B8A7005E941A /* UtilityExtensions.swift */ = {isa = PBXFileReference; lastKnownFileType = sourcecode.swift; path = UtilityExtensions.swift; sourceTree = "<group>"; };
		ECDED91D29C28046007AF59D /* Memorize.app */ = {isa = PBXFileReference; explicitFileType = wrapper.application; includeInIndex = 0; path = Memorize.app; sourceTree = BUILT_PRODUCTS_DIR; };
		ECDED92029C28046007AF59D /* MemorizeApp.swift */ = {isa = PBXFileReference; lastKnownFileType = sourcecode.swift; path = MemorizeApp.swift; sourceTree = "<group>"; };
		ECDED92229C28046007AF59D /* ContentView.swift */ = {isa = PBXFileReference; lastKnownFileType = sourcecode.swift; path = ContentView.swift; sourceTree = "<group>"; };
		ECDED92429C28047007AF59D /* Assets.xcassets */ = {isa = PBXFileReference; lastKnownFileType = folder.assetcatalog; path = Assets.xcassets; sourceTree = "<group>"; };
		ECDED92729C28047007AF59D /* Preview Assets.xcassets */ = {isa = PBXFileReference; lastKnownFileType = folder.assetcatalog; path = "Preview Assets.xcassets"; sourceTree = "<group>"; };
		ECDED92E29C280A8007AF59D /* MemoryGame.swift */ = {isa = PBXFileReference; lastKnownFileType = sourcecode.swift; path = MemoryGame.swift; sourceTree = "<group>"; };
		ECDED93229C280B8007AF59D /* EmojiMemoryGame.swift */ = {isa = PBXFileReference; lastKnownFileType = sourcecode.swift; path = EmojiMemoryGame.swift; sourceTree = "<group>"; };
		ECDED93429C39A8A007AF59D /* AspectVGrid.swift */ = {isa = PBXFileReference; lastKnownFileType = sourcecode.swift; path = AspectVGrid.swift; sourceTree = "<group>"; };
/* End PBXFileReference section */

/* Begin PBXFrameworksBuildPhase section */
		ECDED91A29C28046007AF59D /* Frameworks */ = {
			isa = PBXFrameworksBuildPhase;
			buildActionMask = 2147483647;
			files = (
			);
			runOnlyForDeploymentPostprocessing = 0;
		};
/* End PBXFrameworksBuildPhase section */

/* Begin PBXGroup section */
		ECCE14AC29E4B8B4005E941A /* MemoryGame */ = {
			isa = PBXGroup;
			children = (
				ECCE14A429E48746005E941A /* EmojiMemoryGameView.swift */,
				ECDED93229C280B8007AF59D /* EmojiMemoryGame.swift */,
				ECDED92E29C280A8007AF59D /* MemoryGame.swift */,
			);
			path = MemoryGame;
			sourceTree = "<group>";
		};
		ECCE14AE29E4B8D6005E941A /* Theme */ = {
			isa = PBXGroup;
			children = (
				ECCE146629E28D57005E941A /* ThemeStore.swift */,
				ECCE14A629E4876D005E941A /* ThemeChooser.swift */,
				ECCE14A829E4B796005E941A /* ThemeEditor.swift */,
			);
			path = Theme;
			sourceTree = "<group>";
		};
		ECCE14AF29E4B8DE005E941A /* Utility */ = {
			isa = PBXGroup;
			children = (
				ECCE14AA29E4B8A7005E941A /* UtilityExtensions.swift */,
				ECDED93429C39A8A007AF59D /* AspectVGrid.swift */,
				ECCE13B229D2156E005E941A /* Cardify.swift */,
				EC99B62429C3AA1900F3D923 /* Pie.swift */,
			);
			path = Utility;
			sourceTree = "<group>";
		};
		ECDED91429C28046007AF59D = {
			isa = PBXGroup;
			children = (
				ECDED91F29C28046007AF59D /* Memorize */,
				ECDED91E29C28046007AF59D /* Products */,
			);
			sourceTree = "<group>";
		};
		ECDED91E29C28046007AF59D /* Products */ = {
			isa = PBXGroup;
			children = (
				ECDED91D29C28046007AF59D /* Memorize.app */,
			);
			name = Products;
			sourceTree = "<group>";
		};
		ECDED91F29C28046007AF59D /* Memorize */ = {
			isa = PBXGroup;
			children = (
				ECDED92029C28046007AF59D /* MemorizeApp.swift */,
				ECDED92229C28046007AF59D /* ContentView.swift */,
				ECCE14AF29E4B8DE005E941A /* Utility */,
				ECCE14AE29E4B8D6005E941A /* Theme */,
				ECCE14AC29E4B8B4005E941A /* MemoryGame */,
				ECDED92429C28047007AF59D /* Assets.xcassets */,
				ECDED92629C28047007AF59D /* Preview Content */,
			);
			path = Memorize;
			sourceTree = "<group>";
		};
		ECDED92629C28047007AF59D /* Preview Content */ = {
			isa = PBXGroup;
			children = (
				ECDED92729C28047007AF59D /* Preview Assets.xcassets */,
			);
			path = "Preview Content";
			sourceTree = "<group>";
		};
/* End PBXGroup section */

/* Begin PBXNativeTarget section */
		ECDED91C29C28046007AF59D /* Memorize */ = {
			isa = PBXNativeTarget;
			buildConfigurationList = ECDED92B29C28047007AF59D /* Build configuration list for PBXNativeTarget "Memorize" */;
			buildPhases = (
				ECDED91929C28046007AF59D /* Sources */,
				ECDED91A29C28046007AF59D /* Frameworks */,
				ECDED91B29C28046007AF59D /* Resources */,
			);
			buildRules = (
			);
			dependencies = (
			);
			name = Memorize;
			productName = Memorize;
			productReference = ECDED91D29C28046007AF59D /* Memorize.app */;
			productType = "com.apple.product-type.application";
		};
/* End PBXNativeTarget section */

/* Begin PBXProject section */
		ECDED91529C28046007AF59D /* Project object */ = {
			isa = PBXProject;
			attributes = {
				BuildIndependentTargetsInParallel = 1;
				LastSwiftUpdateCheck = 1420;
				LastUpgradeCheck = 1420;
				TargetAttributes = {
					ECDED91C29C28046007AF59D = {
						CreatedOnToolsVersion = 14.2;
					};
				};
			};
			buildConfigurationList = ECDED91829C28046007AF59D /* Build configuration list for PBXProject "Memorize" */;
			compatibilityVersion = "Xcode 14.0";
			developmentRegion = en;
			hasScannedForEncodings = 0;
			knownRegions = (
				en,
				Base,
			);
			mainGroup = ECDED91429C28046007AF59D;
			productRefGroup = ECDED91E29C28046007AF59D /* Products */;
			projectDirPath = "";
			projectRoot = "";
			targets = (
				ECDED91C29C28046007AF59D /* Memorize */,
			);
		};
/* End PBXProject section */

/* Begin PBXResourcesBuildPhase section */
		ECDED91B29C28046007AF59D /* Resources */ = {
			isa = PBXResourcesBuildPhase;
			buildActionMask = 2147483647;
			files = (
				ECDED92829C28047007AF59D /* Preview Assets.xcassets in Resources */,
				ECDED92529C28047007AF59D /* Assets.xcassets in Resources */,
			);
			runOnlyForDeploymentPostprocessing = 0;
		};
/* End PBXResourcesBuildPhase section */

/* Begin PBXSourcesBuildPhase section */
		ECDED91929C28046007AF59D /* Sources */ = {
			isa = PBXSourcesBuildPhase;
			buildActionMask = 2147483647;
			files = (
				ECDED92F29C280A8007AF59D /* MemoryGame.swift in Sources */,
				ECCE13B329D2156E005E941A /* Cardify.swift in Sources */,
				ECCE14AB29E4B8A7005E941A /* UtilityExtensions.swift in Sources */,
				ECDED93529C39A8A007AF59D /* AspectVGrid.swift in Sources */,
				ECDED92329C28046007AF59D /* ContentView.swift in Sources */,
				EC99B62529C3AA1900F3D923 /* Pie.swift in Sources */,
				ECCE14A929E4B796005E941A /* ThemeEditor.swift in Sources */,
				ECCE14A529E48746005E941A /* EmojiMemoryGameView.swift in Sources */,
				ECDED92129C28046007AF59D /* MemorizeApp.swift in Sources */,
				ECCE146729E28D57005E941A /* ThemeStore.swift in Sources */,
				ECDED93329C280B8007AF59D /* EmojiMemoryGame.swift in Sources */,
				ECCE14A729E4876D005E941A /* ThemeChooser.swift in Sources */,
			);
			runOnlyForDeploymentPostprocessing = 0;
		};
/* End PBXSourcesBuildPhase section */

/* Begin XCBuildConfiguration section */
		ECDED92929C28047007AF59D /* Debug */ = {
			isa = XCBuildConfiguration;
			buildSettings = {
				ALWAYS_SEARCH_USER_PATHS = NO;
				CLANG_ANALYZER_NONNULL = YES;
				CLANG_ANALYZER_NUMBER_OBJECT_CONVERSION = YES_AGGRESSIVE;
				CLANG_CXX_LANGUAGE_STANDARD = "gnu++20";
				CLANG_ENABLE_MODULES = YES;
				CLANG_ENABLE_OBJC_ARC = YES;
				CLANG_ENABLE_OBJC_WEAK = YES;
				CLANG_WARN_BLOCK_CAPTURE_AUTORELEASING = YES;
				CLANG_WARN_BOOL_CONVERSION = YES;
				CLANG_WARN_COMMA = YES;
				CLANG_WARN_CONSTANT_CONVERSION = YES;
				CLANG_WARN_DEPRECATED_OBJC_IMPLEMENTATIONS = YES;
				CLANG_WARN_DIRECT_OBJC_ISA_USAGE = YES_ERROR;
				CLANG_WARN_DOCUMENTATION_COMMENTS = YES;
				CLANG_WARN_EMPTY_BODY = YES;
				CLANG_WARN_ENUM_CONVERSION = YES;
				CLANG_WARN_INFINITE_RECURSION = YES;
				CLANG_WARN_INT_CONVERSION = YES;
				CLANG_WARN_NON_LITERAL_NULL_CONVERSION = YES;
				CLANG_WARN_OBJC_IMPLICIT_RETAIN_SELF = YES;
				CLANG_WARN_OBJC_LITERAL_CONVERSION = YES;
				CLANG_WARN_OBJC_ROOT_CLASS = YES_ERROR;
				CLANG_WARN_QUOTED_INCLUDE_IN_FRAMEWORK_HEADER = YES;
				CLANG_WARN_RANGE_LOOP_ANALYSIS = YES;
				CLANG_WARN_STRICT_PROTOTYPES = YES;
				CLANG_WARN_SUSPICIOUS_MOVE = YES;
				CLANG_WARN_UNGUARDED_AVAILABILITY = YES_AGGRESSIVE;
				CLANG_WARN_UNREACHABLE_CODE = YES;
				CLANG_WARN__DUPLICATE_METHOD_MATCH = YES;
				COPY_PHASE_STRIP = NO;
				DEBUG_INFORMATION_FORMAT = dwarf;
				ENABLE_STRICT_OBJC_MSGSEND = YES;
				ENABLE_TESTABILITY = YES;
				GCC_C_LANGUAGE_STANDARD = gnu11;
				GCC_DYNAMIC_NO_PIC = NO;
				GCC_NO_COMMON_BLOCKS = YES;
				GCC_OPTIMIZATION_LEVEL = 0;
				GCC_PREPROCESSOR_DEFINITIONS = (
					"DEBUG=1",
					"$(inherited)",
				);
				GCC_WARN_64_TO_32_BIT_CONVERSION = YES;
				GCC_WARN_ABOUT_RETURN_TYPE = YES_ERROR;
				GCC_WARN_UNDECLARED_SELECTOR = YES;
				GCC_WARN_UNINITIALIZED_AUTOS = YES_AGGRESSIVE;
				GCC_WARN_UNUSED_FUNCTION = YES;
				GCC_WARN_UNUSED_VARIABLE = YES;
				IPHONEOS_DEPLOYMENT_TARGET = 16.2;
				MTL_ENABLE_DEBUG_INFO = INCLUDE_SOURCE;
				MTL_FAST_MATH = YES;
				ONLY_ACTIVE_ARCH = YES;
				SDKROOT = iphoneos;
				SWIFT_ACTIVE_COMPILATION_CONDITIONS = DEBUG;
				SWIFT_OPTIMIZATION_LEVEL = "-Onone";
			};
			name = Debug;
		};
		ECDED92A29C28047007AF59D /* Release */ = {
			isa = XCBuildConfiguration;
			buildSettings = {
				ALWAYS_SEARCH_USER_PATHS = NO;
				CLANG_ANALYZER_NONNULL = YES;
				CLANG_ANALYZER_NUMBER_OBJECT_CONVERSION = YES_AGGRESSIVE;
				CLANG_CXX_LANGUAGE_STANDARD = "gnu++20";
				CLANG_ENABLE_MODULES = YES;
				CLANG_ENABLE_OBJC_ARC = YES;
				CLANG_ENABLE_OBJC_WEAK = YES;
				CLANG_WARN_BLOCK_CAPTURE_AUTORELEASING = YES;
				CLANG_WARN_BOOL_CONVERSION = YES;
				CLANG_WARN_COMMA = YES;
				CLANG_WARN_CONSTANT_CONVERSION = YES;
				CLANG_WARN_DEPRECATED_OBJC_IMPLEMENTATIONS = YES;
				CLANG_WARN_DIRECT_OBJC_ISA_USAGE = YES_ERROR;
				CLANG_WARN_DOCUMENTATION_COMMENTS = YES;
				CLANG_WARN_EMPTY_BODY = YES;
				CLANG_WARN_ENUM_CONVERSION = YES;
				CLANG_WARN_INFINITE_RECURSION = YES;
				CLANG_WARN_INT_CONVERSION = YES;
				CLANG_WARN_NON_LITERAL_NULL_CONVERSION = YES;
				CLANG_WARN_OBJC_IMPLICIT_RETAIN_SELF = YES;
				CLANG_WARN_OBJC_LITERAL_CONVERSION = YES;
				CLANG_WARN_OBJC_ROOT_CLASS = YES_ERROR;
				CLANG_WARN_QUOTED_INCLUDE_IN_FRAMEWORK_HEADER = YES;
				CLANG_WARN_RANGE_LOOP_ANALYSIS = YES;
				CLANG_WARN_STRICT_PROTOTYPES = YES;
				CLANG_WARN_SUSPICIOUS_MOVE = YES;
				CLANG_WARN_UNGUARDED_AVAILABILITY = YES_AGGRESSIVE;
				CLANG_WARN_UNREACHABLE_CODE = YES;
				CLANG_WARN__DUPLICATE_METHOD_MATCH = YES;
				COPY_PHASE_STRIP = NO;
				DEBUG_INFORMATION_FORMAT = "dwarf-with-dsym";
				ENABLE_NS_ASSERTIONS = NO;
				ENABLE_STRICT_OBJC_MSGSEND = YES;
				GCC_C_LANGUAGE_STANDARD = gnu11;
				GCC_NO_COMMON_BLOCKS = YES;
				GCC_WARN_64_TO_32_BIT_CONVERSION = YES;
				GCC_WARN_ABOUT_RETURN_TYPE = YES_ERROR;
				GCC_WARN_UNDECLARED_SELECTOR = YES;
				GCC_WARN_UNINITIALIZED_AUTOS = YES_AGGRESSIVE;
				GCC_WARN_UNUSED_FUNCTION = YES;
				GCC_WARN_UNUSED_VARIABLE = YES;
				IPHONEOS_DEPLOYMENT_TARGET = 16.2;
				MTL_ENABLE_DEBUG_INFO = NO;
				MTL_FAST_MATH = YES;
				SDKROOT = iphoneos;
				SWIFT_COMPILATION_MODE = wholemodule;
				SWIFT_OPTIMIZATION_LEVEL = "-O";
				VALIDATE_PRODUCT = YES;
			};
			name = Release;
		};
		ECDED92C29C28047007AF59D /* Debug */ = {
			isa = XCBuildConfiguration;
			buildSettings = {
				ASSETCATALOG_COMPILER_APPICON_NAME = AppIcon;
				ASSETCATALOG_COMPILER_GLOBAL_ACCENT_COLOR_NAME = AccentColor;
				CODE_SIGN_STYLE = Automatic;
				CURRENT_PROJECT_VERSION = 1;
				DEVELOPMENT_ASSET_PATHS = "\"Memorize/Preview Content\"";
				DEVELOPMENT_TEAM = XS82B54W8B;
				ENABLE_PREVIEWS = YES;
				GENERATE_INFOPLIST_FILE = YES;
				INFOPLIST_KEY_UIApplicationSceneManifest_Generation = YES;
				INFOPLIST_KEY_UIApplicationSupportsIndirectInputEvents = YES;
				INFOPLIST_KEY_UILaunchScreen_Generation = YES;
				INFOPLIST_KEY_UISupportedInterfaceOrientations_iPad = "UIInterfaceOrientationPortrait UIInterfaceOrientationPortraitUpsideDown UIInterfaceOrientationLandscapeLeft UIInterfaceOrientationLandscapeRight";
				INFOPLIST_KEY_UISupportedInterfaceOrientations_iPhone = "UIInterfaceOrientationPortrait UIInterfaceOrientationLandscapeLeft UIInterfaceOrientationLandscapeRight";
				IPHONEOS_DEPLOYMENT_TARGET = 16.0;
				LD_RUNPATH_SEARCH_PATHS = (
					"$(inherited)",
					"@executable_path/Frameworks",
				);
				MARKETING_VERSION = 1.0;
				PRODUCT_BUNDLE_IDENTIFIER = com.JoshuaGalvan.Memorize;
				PRODUCT_NAME = "$(TARGET_NAME)";
				SWIFT_EMIT_LOC_STRINGS = YES;
				SWIFT_VERSION = 5.0;
				TARGETED_DEVICE_FAMILY = "1,2";
			};
			name = Debug;
		};
		ECDED92D29C28047007AF59D /* Release */ = {
			isa = XCBuildConfiguration;
			buildSettings = {
				ASSETCATALOG_COMPILER_APPICON_NAME = AppIcon;
				ASSETCATALOG_COMPILER_GLOBAL_ACCENT_COLOR_NAME = AccentColor;
				CODE_SIGN_STYLE = Automatic;
				CURRENT_PROJECT_VERSION = 1;
				DEVELOPMENT_ASSET_PATHS = "\"Memorize/Preview Content\"";
				DEVELOPMENT_TEAM = XS82B54W8B;
				ENABLE_PREVIEWS = YES;
				GENERATE_INFOPLIST_FILE = YES;
				INFOPLIST_KEY_UIApplicationSceneManifest_Generation = YES;
				INFOPLIST_KEY_UIApplicationSupportsIndirectInputEvents = YES;
				INFOPLIST_KEY_UILaunchScreen_Generation = YES;
				INFOPLIST_KEY_UISupportedInterfaceOrientations_iPad = "UIInterfaceOrientationPortrait UIInterfaceOrientationPortraitUpsideDown UIInterfaceOrientationLandscapeLeft UIInterfaceOrientationLandscapeRight";
				INFOPLIST_KEY_UISupportedInterfaceOrientations_iPhone = "UIInterfaceOrientationPortrait UIInterfaceOrientationLandscapeLeft UIInterfaceOrientationLandscapeRight";
				IPHONEOS_DEPLOYMENT_TARGET = 16.0;
				LD_RUNPATH_SEARCH_PATHS = (
					"$(inherited)",
					"@executable_path/Frameworks",
				);
				MARKETING_VERSION = 1.0;
				PRODUCT_BUNDLE_IDENTIFIER = com.JoshuaGalvan.Memorize;
				PRODUCT_NAME = "$(TARGET_NAME)";
				SWIFT_EMIT_LOC_STRINGS = YES;
				SWIFT_VERSION = 5.0;
				TARGETED_DEVICE_FAMILY = "1,2";
			};
			name = Release;
		};
/* End XCBuildConfiguration section */

/* Begin XCConfigurationList section */
		ECDED91829C28046007AF59D /* Build configuration list for PBXProject "Memorize" */ = {
			isa = XCConfigurationList;
			buildConfigurations = (
				ECDED92929C28047007AF59D /* Debug */,
				ECDED92A29C28047007AF59D /* Release */,
			);
			defaultConfigurationIsVisible = 0;
			defaultConfigurationName = Release;
		};
		ECDED92B29C28047007AF59D /* Build configuration list for PBXNativeTarget "Memorize" */ = {
			isa = XCConfigurationList;
			buildConfigurations = (
				ECDED92C29C28047007AF59D /* Debug */,
				ECDED92D29C28047007AF59D /* Release */,
			);
			defaultConfigurationIsVisible = 0;
			defaultConfigurationName = Release;
		};
/* End XCConfigurationList section */
	};
	rootObject = ECDED91529C28046007AF59D /* Project object */;
}
